
Microsoft Visual Studio Solution File, Format Version 12.00
# Visual Studio Version 17
VisualStudioVersion = 17.4.33213.308
MinimumVisualStudioVersion = 10.0.40219.1
Project("{FAE04EC0-301F-11D3-BF4B-00C04F79EFBC}") = "FlappyBirdGame", "FlappyBirdGame.csproj", "{90252ACA-D4AC-4CF6-B006-E1E7AA25C616}"
EndProject
Global
	GlobalSection(SolutionConfigurationPlatforms) = preSolution
		Debug|Any CPU = Debug|Any CPU
		Release|Any CPU = Release|Any CPU
	EndGlobalSection
	GlobalSection(ProjectConfigurationPlatforms) = postSolution
		{90252ACA-D4AC-4CF6-B006-E1E7AA25C616}.Debug|Any CPU.ActiveCfg = Debug|Any CPU
		{90252ACA-D4AC-4CF6-B006-E1E7AA25C616}.Debug|Any CPU.Build.0 = Debug|Any CPU
		{90252ACA-D4AC-4CF6-B006-E1E7AA25C616}.Release|Any CPU.ActiveCfg = Release|Any CPU
		{90252ACA-D4AC-4CF6-B006-E1E7AA25C616}.Release|Any CPU.Build.0 = Release|Any CPU
	EndGlobalSection
	GlobalSection(SolutionProperties) = preSolution
		HideSolutionNode = FALSE
	EndGlobalSection
	GlobalSection(ExtensibilityGlobals) = postSolution
		SolutionGuid = {CBE2B49F-715D-4849-8AD3-B65D7C3A0733}
	EndGlobalSection
EndGlobal
